
Microsoft Visual Studio Solution File, Format Version 12.00
# Visual Studio 15
VisualStudioVersion = 15.0.27703.2026
MinimumVisualStudioVersion = 10.0.40219.1
Project("{FAE04EC0-301F-11D3-BF4B-00C04F79EFBC}") = "Problem 1. Cooking Masterclass", "(Demo)  Mid Exam - 02 March 2019\Problem 1. Cooking Masterclass.csproj", "{51E33A7E-A7F1-4615-A243-45E94EBE6971}"
EndProject
Project("{FAE04EC0-301F-11D3-BF4B-00C04F79EFBC}") = "Problem 2. Bread Factory", "Problem 2. Bread Factory\Problem 2. Bread Factory.csproj", "{80675149-657A-42DF-A038-C73070CAB1D9}"
EndProject
Project("{FAE04EC0-301F-11D3-BF4B-00C04F79EFBC}") = "Problem 3. Cooking Factory", "Problem 3. Cooking Factory\Problem 3. Cooking Factory.csproj", "{130B62F9-98AC-42CA-A154-BED90192F003}"
EndProject
Global
	GlobalSection(SolutionConfigurationPlatforms) = preSolution
		Debug|Any CPU = Debug|Any CPU
		Release|Any CPU = Release|Any CPU
	EndGlobalSection
	GlobalSection(ProjectConfigurationPlatforms) = postSolution
		{51E33A7E-A7F1-4615-A243-45E94EBE6971}.Debug|Any CPU.ActiveCfg = Debug|Any CPU
		{51E33A7E-A7F1-4615-A243-45E94EBE6971}.Debug|Any CPU.Build.0 = Debug|Any CPU
		{51E33A7E-A7F1-4615-A243-45E94EBE6971}.Release|Any CPU.ActiveCfg = Release|Any CPU
		{51E33A7E-A7F1-4615-A243-45E94EBE6971}.Release|Any CPU.Build.0 = Release|Any CPU
		{80675149-657A-42DF-A038-C73070CAB1D9}.Debug|Any CPU.ActiveCfg = Debug|Any CPU
		{80675149-657A-42DF-A038-C73070CAB1D9}.Debug|Any CPU.Build.0 = Debug|Any CPU
		{80675149-657A-42DF-A038-C73070CAB1D9}.Release|Any CPU.ActiveCfg = Release|Any CPU
		{80675149-657A-42DF-A038-C73070CAB1D9}.Release|Any CPU.Build.0 = Release|Any CPU
		{130B62F9-98AC-42CA-A154-BED90192F003}.Debug|Any CPU.ActiveCfg = Debug|Any CPU
		{130B62F9-98AC-42CA-A154-BED90192F003}.Debug|Any CPU.Build.0 = Debug|Any CPU
		{130B62F9-98AC-42CA-A154-BED90192F003}.Release|Any CPU.ActiveCfg = Release|Any CPU
		{130B62F9-98AC-42CA-A154-BED90192F003}.Release|Any CPU.Build.0 = Release|Any CPU
	EndGlobalSection
	GlobalSection(SolutionProperties) = preSolution
		HideSolutionNode = FALSE
	EndGlobalSection
	GlobalSection(ExtensibilityGlobals) = postSolution
		SolutionGuid = {77B57285-0D5D-4E66-B7F4-613D91909792}
	EndGlobalSection
EndGlobal
